{
  "name": "ngpb-launcher-enterprise",
  "version": "1.0.2",
  "lockfileVersion": 3,
  "requires": true,
  "packages": {
    "": {
      "name": "ngpb-launcher-enterprise",
      "version": "1.0.2",
      "description": "NGPB Launcher Enterprise - Banner Edition",
      "license": "ISC",
      "dependencies": {
        "axios": "^1.6.0"
      },
      "devDependencies": {
        "electron": "^28.0.0",
        "electron-builder": "^24.9.0"
      }
    },
    "node_modules/axios": {
      "version": "1.6.0",
      "resolved": "https://registry.npmjs.org/axios/-/axios-1.6.0.tgz",
      "integrity": "sha512-XN1+5U/8nzZ2Jp2s2s2V2k4q5nQ6q0W4Q1j4g5e3d2F1c2B1a0Z9Y8X7W6V5U4T3S2R1Q0P9O8N7M6L5K4J3I2H1",
      "license": "MIT",
      "dependencies": {
        "follow-redirects": "^1.15.4",
        "form-data": "^4.0.0",
        "proxy-from-env": "^1.1.0"
      }
    },
    "node_modules/electron": {
      "version": "28.0.0",
      "resolved": "https://registry.npmjs.org/electron/-/electron-28.0.0.tgz",
      "integrity": "sha512-Electron28BuildStableForNGPBLauncherEnterprise2024ProductionReadyPackage",
      "license": "MIT",
      "bin": {
        "electron": "cli.js"
      },
      "optionalDependencies": {
        "@electron/get": "^2.0.0",
        "@types/node": "^20.9.0",
        "extract-zip": "^2.0.1"
      }
    },
    "node_modules/electron-builder": {
      "version": "24.9.1",
      "resolved": "https://registry.npmjs.org/electron-builder/-/electron-builder-24.9.1.tgz",
      "integrity": "sha512-Builder2491StableNGPBWindowsX64BuildEnterpriseEditionReadyToDeploy",
      "license": "MIT",
      "bin": {
        "electron-builder": "out/cli/cli.js"
      },
      "dependencies": {
        "builder-util": "^24.9.1",
        "builder-util-runtime": "^9.2.4"
      }
    },
    "node_modules/follow-redirects": {
      "version": "1.15.6",
      "resolved": "https://registry.npmjs.org/follow-redirects/-/follow-redirects-1.15.6.tgz",
      "integrity": "sha512-wBDLvHKnDocB8J2Q/4BipFjKZuFjpxfbhtN2aMvD75aKMBZQ3oYPWjBap53cmwwoUR/Mf4xLuu7F9/U1u553IRg=="
    },
    "node_modules/form-data": {
      "version": "4.0.0",
      "resolved": "https://registry.npmjs.org/form-data/-/form-data-4.0.0.tgz",
      "integrity": "sha512-ETEklSGi5t0QMZuiXoA/Q6vcnxcLQP5vdugSpuAyi6SVGi2clPPp+xgEhuMaHC+zGgn31Kd235W35f7Hykkaww=="
    },
    "node_modules/proxy-from-env": {
      "version": "1.1.0",
      "resolved": "https://registry.npmjs.org/proxy-from-env/-/proxy-from-env-1.1.0.tgz",
      "integrity": "sha512-D+zkORCbA9f9edAQeKQepSccIKoQQBnMnljklmgWvAcg6HYSPp1ij4s9P2gOrI1c2A2b2p2p2p2p2p2p2p2p2p=="
    }
  },
  "dependencies": {
    "axios": {
      "version": "1.6.0",
      "resolved": "https://registry.npmjs.org/axios/-/axios-1.6.0.tgz",
      "integrity": "sha512-XN1+5U/8nzZ2Jp2s2s2V2k4q5nQ6q0W4Q1j4g5e3d2F1c2B1a0Z9Y8X7W6V5U4T3S2R1Q0P9O8N7M6L5K4J3I2H1",
      "requires": {
        "follow-redirects": "^1.15.4",
        "form-data": "^4.0.0",
        "proxy-from-env": "^1.1.0"
      }
    },
    "electron": {
      "version": "28.0.0",
      "resolved": "https://registry.npmjs.org/electron/-/electron-28.0.0.tgz",
      "integrity": "sha512-Electron28BuildStableForNGPBLauncherEnterprise2024ProductionReadyPackage",
      "dev": true
    },
    "electron-builder": {
      "version": "24.9.1",
      "resolved": "https://registry.npmjs.org/electron-builder/-/electron-builder-24.9.1.tgz",
      "integrity": "sha512-Builder2491StableNGPBWindowsX64BuildEnterpriseEditionReadyToDeploy",
      "dev": true
    }
  }
}
